# This file was autogenerated by Stack.
# You should not edit this file by hand.
# For more information, please see the documentation at:
#   https://docs.haskellstack.org/en/stable/lock_files

packages:
- completed:
    hackage: Yampa-0.13@sha256:0778b6e92adb62cc6fd83f1121a9d9bd1a6f7dac72baa41120b472addc7ec94f,4788
    pantry-tree:
      size: 4039
      sha256: d72fcd8967ce3b8ecf449c232a6f296de0a13454ffacde032aaa5016d6a8d325
  original:
    hackage: Yampa-0.13@sha256:0778b6e92adb62cc6fd83f1121a9d9bd1a6f7dac72baa41120b472addc7ec94f
- completed:
    hackage: simple-affine-space-0.1@sha256:09e582f2e12ce9feb251cbdacec57fa1f4a838ec63928026d98b758e89f9abd7,1931
    pantry-tree:
      size: 696
      sha256: 08850098daa8939b543a3593f57d0814488eb612f807da769762495cac577089
  original:
    hackage: simple-affine-space-0.1@sha256:09e582f2e12ce9feb251cbdacec57fa1f4a838ec63928026d98b758e89f9abd7
- completed:
    hackage: HTTP-4000.3.16@sha256:4265b1966b2bbb302a8a80d7b485197694785ec1496d5d9314b4b5931ffbd093,5933
    pantry-tree:
      size: 1428
      sha256: 23b3f419f64fab31f20719d69ebe47172a9f4645164d5daf37ee1559ea547452
  original:
    hackage: HTTP-4000.3.16@sha256:4265b1966b2bbb302a8a80d7b485197694785ec1496d5d9314b4b5931ffbd093,5933
- completed:
    hackage: network-3.1.2.2@sha256:218e2968e03d99c40f32a2ef7cc41a848969096ba1c780ff2e57997a00246b06,4781
    pantry-tree:
      size: 3971
      sha256: a4e25a1e953ac5cc7ee25ab141aa2f23418e02251ffe6ba47748fbe27da87462
  original:
    hackage: network-3.1.2.2@sha256:218e2968e03d99c40f32a2ef7cc41a848969096ba1c780ff2e57997a00246b06,4781
snapshots:
- completed:
    size: 499461
    url: https://raw.githubusercontent.com/commercialhaskell/stackage-snapshots/master/lts/13/25.yaml
    sha256: aed98969628e20615e96b06083c933c7e3354ae56b08b75e607a26569225d6c0
  original: lts-13.25
